
Microsoft Visual Studio Solution File, Format Version 12.00
# Visual Studio Version 16
VisualStudioVersion = 16.0.29009.5
MinimumVisualStudioVersion = 10.0.40219.1
Project("{9092AA53-FB77-4645-B42D-1CCCA6BD08BD}") = "TsMinifier", "TsMinifier.njsproj", "{DE8DB710-69B5-4CAF-BAD9-A688B42D2395}"
EndProject
Global
	GlobalSection(SolutionConfigurationPlatforms) = preSolution
		Debug|Any CPU = Debug|Any CPU
		Release|Any CPU = Release|Any CPU
	EndGlobalSection
	GlobalSection(ProjectConfigurationPlatforms) = postSolution
		{DE8DB710-69B5-4CAF-BAD9-A688B42D2395}.Debug|Any CPU.ActiveCfg = Debug|Any CPU
		{DE8DB710-69B5-4CAF-BAD9-A688B42D2395}.Debug|Any CPU.Build.0 = Debug|Any CPU
		{DE8DB710-69B5-4CAF-BAD9-A688B42D2395}.Release|Any CPU.ActiveCfg = Release|Any CPU
		{DE8DB710-69B5-4CAF-BAD9-A688B42D2395}.Release|Any CPU.Build.0 = Release|Any CPU
	EndGlobalSection
	GlobalSection(SolutionProperties) = preSolution
		HideSolutionNode = FALSE
	EndGlobalSection
	GlobalSection(ExtensibilityGlobals) = postSolution
		SolutionGuid = {D412BA22-A307-4AA3-BF83-8E81EC9E0782}
	EndGlobalSection
EndGlobal
